// !$*UTF8*$!
{
	archiveVersion = 1;
	classes = {
	};
	objectVersion = 50;
	objects = {

/* Begin PBXBuildFile section */
		D01ECF92265A9F34005FCC1A /* AppDelegate.swift in Sources */ = {isa = PBXBuildFile; fileRef = D01ECF91265A9F34005FCC1A /* AppDelegate.swift */; };
		D01ECF94265A9F34005FCC1A /* SceneDelegate.swift in Sources */ = {isa = PBXBuildFile; fileRef = D01ECF93265A9F34005FCC1A /* SceneDelegate.swift */; };
		D01ECF96265A9F34005FCC1A /* ViewController.swift in Sources */ = {isa = PBXBuildFile; fileRef = D01ECF95265A9F34005FCC1A /* ViewController.swift */; };
		D01ECF99265A9F34005FCC1A /* Main.storyboard in Resources */ = {isa = PBXBuildFile; fileRef = D01ECF97265A9F34005FCC1A /* Main.storyboard */; };
		D01ECF9B265A9F35005FCC1A /* Assets.xcassets in Resources */ = {isa = PBXBuildFile; fileRef = D01ECF9A265A9F35005FCC1A /* Assets.xcassets */; };
		D01ECF9E265A9F35005FCC1A /* LaunchScreen.storyboard in Resources */ = {isa = PBXBuildFile; fileRef = D01ECF9C265A9F35005FCC1A /* LaunchScreen.storyboard */; };
/* End PBXBuildFile section */

/* Begin PBXFileReference section */
		D01ECF8E265A9F34005FCC1A /* hortifruti.app */ = {isa = PBXFileReference; explicitFileType = wrapper.application; includeInIndex = 0; path = hortifruti.app; sourceTree = BUILT_PRODUCTS_DIR; };
		D01ECF91265A9F34005FCC1A /* AppDelegate.swift */ = {isa = PBXFileReference; lastKnownFileType = sourcecode.swift; path = AppDelegate.swift; sourceTree = "<group>"; };
		D01ECF93265A9F34005FCC1A /* SceneDelegate.swift */ = {isa = PBXFileReference; lastKnownFileType = sourcecode.swift; path = SceneDelegate.swift; sourceTree = "<group>"; };
		D01ECF95265A9F34005FCC1A /* ViewController.swift */ = {isa = PBXFileReference; lastKnownFileType = sourcecode.swift; path = ViewController.swift; sourceTree = "<group>"; };
		D01ECF98265A9F34005FCC1A /* Base */ = {isa = PBXFileReference; lastKnownFileType = file.storyboard; name = Base; path = Base.lproj/Main.storyboard; sourceTree = "<group>"; };
		D01ECF9A265A9F35005FCC1A /* Assets.xcassets */ = {isa = PBXFileReference; lastKnownFileType = folder.assetcatalog; path = Assets.xcassets; sourceTree = "<group>"; };
		D01ECF9D265A9F35005FCC1A /* Base */ = {isa = PBXFileReference; lastKnownFileType = file.storyboard; name = Base; path = Base.lproj/LaunchScreen.storyboard; sourceTree = "<group>"; };
		D01ECF9F265A9F35005FCC1A /* Info.plist */ = {isa = PBXFileReference; lastKnownFileType = text.plist.xml; path = Info.plist; sourceTree = "<group>"; };
/* End PBXFileReference section */

/* Begin PBXFrameworksBuildPhase section */
		D01ECF8B265A9F34005FCC1A /* Frameworks */ = {
			isa = PBXFrameworksBuildPhase;
			buildActionMask = 2147483647;
			files = (
			);
			runOnlyForDeploymentPostprocessing = 0;
		};
/* End PBXFrameworksBuildPhase section */

/* Begin PBXGroup section */
		D01ECF85265A9F34005FCC1A = {
			isa = PBXGroup;
			children = (
				D01ECF90265A9F34005FCC1A /* hortifruti */,
				D01ECF8F265A9F34005FCC1A /* Products */,
			);
			sourceTree = "<group>";
		};
		D01ECF8F265A9F34005FCC1A /* Products */ = {
			isa = PBXGroup;
			children = (
				D01ECF8E265A9F34005FCC1A /* hortifruti.app */,
			);
			name = Products;
			sourceTree = "<group>";
		};
		D01ECF90265A9F34005FCC1A /* hortifruti */ = {
			isa = PBXGroup;
			children = (
				D01ECF91265A9F34005FCC1A /* AppDelegate.swift */,
				D01ECF93265A9F34005FCC1A /* SceneDelegate.swift */,
				D01ECF95265A9F34005FCC1A /* ViewController.swift */,
				D01ECF97265A9F34005FCC1A /* Main.storyboard */,
				D01ECF9A265A9F35005FCC1A /* Assets.xcassets */,
				D01ECF9C265A9F35005FCC1A /* LaunchScreen.storyboard */,
				D01ECF9F265A9F35005FCC1A /* Info.plist */,
			);
			path = hortifruti;
			sourceTree = "<group>";
		};
/* End PBXGroup section */

/* Begin PBXNativeTarget section */
		D01ECF8D265A9F34005FCC1A /* hortifruti */ = {
			isa = PBXNativeTarget;
			buildConfigurationList = D01ECFA2265A9F35005FCC1A /* Build configuration list for PBXNativeTarget "hortifruti" */;
			buildPhases = (
				D01ECF8A265A9F34005FCC1A /* Sources */,
				D01ECF8B265A9F34005FCC1A /* Frameworks */,
				D01ECF8C265A9F34005FCC1A /* Resources */,
			);
			buildRules = (
			);
			dependencies = (
			);
			name = hortifruti;
			productName = hortifruti;
			productReference = D01ECF8E265A9F34005FCC1A /* hortifruti.app */;
			productType = "com.apple.product-type.application";
		};
/* End PBXNativeTarget section */

/* Begin PBXProject section */
		D01ECF86265A9F34005FCC1A /* Project object */ = {
			isa = PBXProject;
			attributes = {
				LastSwiftUpdateCheck = 1250;
				LastUpgradeCheck = 1250;
				TargetAttributes = {
					D01ECF8D265A9F34005FCC1A = {
						CreatedOnToolsVersion = 12.5;
					};
				};
			};
			buildConfigurationList = D01ECF89265A9F34005FCC1A /* Build configuration list for PBXProject "hortifruti" */;
			compatibilityVersion = "Xcode 9.3";
			developmentRegion = en;
			hasScannedForEncodings = 0;
			knownRegions = (
				en,
				Base,
			);
			mainGroup = D01ECF85265A9F34005FCC1A;
			productRefGroup = D01ECF8F265A9F34005FCC1A /* Products */;
			projectDirPath = "";
			projectRoot = "";
			targets = (
				D01ECF8D265A9F34005FCC1A /* hortifruti */,
			);
		};
/* End PBXProject section */

/* Begin PBXResourcesBuildPhase section */
		D01ECF8C265A9F34005FCC1A /* Resources */ = {
			isa = PBXResourcesBuildPhase;
			buildActionMask = 2147483647;
			files = (
				D01ECF9E265A9F35005FCC1A /* LaunchScreen.storyboard in Resources */,
				D01ECF9B265A9F35005FCC1A /* Assets.xcassets in Resources */,
				D01ECF99265A9F34005FCC1A /* Main.storyboard in Resources */,
			);
			runOnlyForDeploymentPostprocessing = 0;
		};
/* End PBXResourcesBuildPhase section */

/* Begin PBXSourcesBuildPhase section */
		D01ECF8A265A9F34005FCC1A /* Sources */ = {
			isa = PBXSourcesBuildPhase;
			buildActionMask = 2147483647;
			files = (
				D01ECF96265A9F34005FCC1A /* ViewController.swift in Sources */,
				D01ECF92265A9F34005FCC1A /* AppDelegate.swift in Sources */,
				D01ECF94265A9F34005FCC1A /* SceneDelegate.swift in Sources */,
			);
			runOnlyForDeploymentPostprocessing = 0;
		};
/* End PBXSourcesBuildPhase section */

/* Begin PBXVariantGroup section */
		D01ECF97265A9F34005FCC1A /* Main.storyboard */ = {
			isa = PBXVariantGroup;
			children = (
				D01ECF98265A9F34005FCC1A /* Base */,
			);
			name = Main.storyboard;
			sourceTree = "<group>";
		};
		D01ECF9C265A9F35005FCC1A /* LaunchScreen.storyboard */ = {
			isa = PBXVariantGroup;
			children = (
				D01ECF9D265A9F35005FCC1A /* Base */,
			);
			name = LaunchScreen.storyboard;
			sourceTree = "<group>";
		};
/* End PBXVariantGroup section */

/* Begin XCBuildConfiguration section */
		D01ECFA0265A9F35005FCC1A /* Debug */ = {
			isa = XCBuildConfiguration;
			buildSettings = {
				ALWAYS_SEARCH_USER_PATHS = NO;
				CLANG_ANALYZER_NONNULL = YES;
				CLANG_ANALYZER_NUMBER_OBJECT_CONVERSION = YES_AGGRESSIVE;
				CLANG_CXX_LANGUAGE_STANDARD = "gnu++14";
				CLANG_CXX_LIBRARY = "libc++";
				CLANG_ENABLE_MODULES = YES;
				CLANG_ENABLE_OBJC_ARC = YES;
				CLANG_ENABLE_OBJC_WEAK = YES;
				CLANG_WARN_BLOCK_CAPTURE_AUTORELEASING = YES;
				CLANG_WARN_BOOL_CONVERSION = YES;
				CLANG_WARN_COMMA = YES;
				CLANG_WARN_CONSTANT_CONVERSION = YES;
				CLANG_WARN_DEPRECATED_OBJC_IMPLEMENTATIONS = YES;
				CLANG_WARN_DIRECT_OBJC_ISA_USAGE = YES_ERROR;
				CLANG_WARN_DOCUMENTATION_COMMENTS = YES;
				CLANG_WARN_EMPTY_BODY = YES;
				CLANG_WARN_ENUM_CONVERSION = YES;
				CLANG_WARN_INFINITE_RECURSION = YES;
				CLANG_WARN_INT_CONVERSION = YES;
				CLANG_WARN_NON_LITERAL_NULL_CONVERSION = YES;
				CLANG_WARN_OBJC_IMPLICIT_RETAIN_SELF = YES;
				CLANG_WARN_OBJC_LITERAL_CONVERSION = YES;
				CLANG_WARN_OBJC_ROOT_CLASS = YES_ERROR;
				CLANG_WARN_QUOTED_INCLUDE_IN_FRAMEWORK_HEADER = YES;
				CLANG_WARN_RANGE_LOOP_ANALYSIS = YES;
				CLANG_WARN_STRICT_PROTOTYPES = YES;
				CLANG_WARN_SUSPICIOUS_MOVE = YES;
				CLANG_WARN_UNGUARDED_AVAILABILITY = YES_AGGRESSIVE;
				CLANG_WARN_UNREACHABLE_CODE = YES;
				CLANG_WARN__DUPLICATE_METHOD_MATCH = YES;
				COPY_PHASE_STRIP = NO;
				DEBUG_INFORMATION_FORMAT = dwarf;
				ENABLE_STRICT_OBJC_MSGSEND = YES;
				ENABLE_TESTABILITY = YES;
				GCC_C_LANGUAGE_STANDARD = gnu11;
				GCC_DYNAMIC_NO_PIC = NO;
				GCC_NO_COMMON_BLOCKS = YES;
				GCC_OPTIMIZATION_LEVEL = 0;
				GCC_PREPROCESSOR_DEFINITIONS = (
					"DEBUG=1",
					"$(inherited)",
				);
				GCC_WARN_64_TO_32_BIT_CONVERSION = YES;
				GCC_WARN_ABOUT_RETURN_TYPE = YES_ERROR;
				GCC_WARN_UNDECLARED_SELECTOR = YES;
				GCC_WARN_UNINITIALIZED_AUTOS = YES_AGGRESSIVE;
				GCC_WARN_UNUSED_FUNCTION = YES;
				GCC_WARN_UNUSED_VARIABLE = YES;
				IPHONEOS_DEPLOYMENT_TARGET = 14.5;
				MTL_ENABLE_DEBUG_INFO = INCLUDE_SOURCE;
				MTL_FAST_MATH = YES;
				ONLY_ACTIVE_ARCH = YES;
				SDKROOT = iphoneos;
				SWIFT_ACTIVE_COMPILATION_CONDITIONS = DEBUG;
				SWIFT_OPTIMIZATION_LEVEL = "-Onone";
			};
			name = Debug;
		};
		D01ECFA1265A9F35005FCC1A /* Release */ = {
			isa = XCBuildConfiguration;
			buildSettings = {
				ALWAYS_SEARCH_USER_PATHS = NO;
				CLANG_ANALYZER_NONNULL = YES;
				CLANG_ANALYZER_NUMBER_OBJECT_CONVERSION = YES_AGGRESSIVE;
				CLANG_CXX_LANGUAGE_STANDARD = "gnu++14";
				CLANG_CXX_LIBRARY = "libc++";
				CLANG_ENABLE_MODULES = YES;
				CLANG_ENABLE_OBJC_ARC = YES;
				CLANG_ENABLE_OBJC_WEAK = YES;
				CLANG_WARN_BLOCK_CAPTURE_AUTORELEASING = YES;
				CLANG_WARN_BOOL_CONVERSION = YES;
				CLANG_WARN_COMMA = YES;
				CLANG_WARN_CONSTANT_CONVERSION = YES;
				CLANG_WARN_DEPRECATED_OBJC_IMPLEMENTATIONS = YES;
				CLANG_WARN_DIRECT_OBJC_ISA_USAGE = YES_ERROR;
				CLANG_WARN_DOCUMENTATION_COMMENTS = YES;
				CLANG_WARN_EMPTY_BODY = YES;
				CLANG_WARN_ENUM_CONVERSION = YES;
				CLANG_WARN_INFINITE_RECURSION = YES;
				CLANG_WARN_INT_CONVERSION = YES;
				CLANG_WARN_NON_LITERAL_NULL_CONVERSION = YES;
				CLANG_WARN_OBJC_IMPLICIT_RETAIN_SELF = YES;
				CLANG_WARN_OBJC_LITERAL_CONVERSION = YES;
				CLANG_WARN_OBJC_ROOT_CLASS = YES_ERROR;
				CLANG_WARN_QUOTED_INCLUDE_IN_FRAMEWORK_HEADER = YES;
				CLANG_WARN_RANGE_LOOP_ANALYSIS = YES;
				CLANG_WARN_STRICT_PROTOTYPES = YES;
				CLANG_WARN_SUSPICIOUS_MOVE = YES;
				CLANG_WARN_UNGUARDED_AVAILABILITY = YES_AGGRESSIVE;
				CLANG_WARN_UNREACHABLE_CODE = YES;
				CLANG_WARN__DUPLICATE_METHOD_MATCH = YES;
				COPY_PHASE_STRIP = NO;
				DEBUG_INFORMATION_FORMAT = "dwarf-with-dsym";
				ENABLE_NS_ASSERTIONS = NO;
				ENABLE_STRICT_OBJC_MSGSEND = YES;
				GCC_C_LANGUAGE_STANDARD = gnu11;
				GCC_NO_COMMON_BLOCKS = YES;
				GCC_WARN_64_TO_32_BIT_CONVERSION = YES;
				GCC_WARN_ABOUT_RETURN_TYPE = YES_ERROR;
				GCC_WARN_UNDECLARED_SELECTOR = YES;
				GCC_WARN_UNINITIALIZED_AUTOS = YES_AGGRESSIVE;
				GCC_WARN_UNUSED_FUNCTION = YES;
				GCC_WARN_UNUSED_VARIABLE = YES;
				IPHONEOS_DEPLOYMENT_TARGET = 14.5;
				MTL_ENABLE_DEBUG_INFO = NO;
				MTL_FAST_MATH = YES;
				SDKROOT = iphoneos;
				SWIFT_COMPILATION_MODE = wholemodule;
				SWIFT_OPTIMIZATION_LEVEL = "-O";
				VALIDATE_PRODUCT = YES;
			};
			name = Release;
		};
		D01ECFA3265A9F35005FCC1A /* Debug */ = {
			isa = XCBuildConfiguration;
			buildSettings = {
				ASSETCATALOG_COMPILER_APPICON_NAME = AppIcon;
				ASSETCATALOG_COMPILER_GLOBAL_ACCENT_COLOR_NAME = AccentColor;
				CODE_SIGN_STYLE = Automatic;
				DEVELOPMENT_TEAM = ASRK7R7UY8;
				INFOPLIST_FILE = hortifruti/Info.plist;
				LD_RUNPATH_SEARCH_PATHS = (
					"$(inherited)",
					"@executable_path/Frameworks",
				);
				PRODUCT_BUNDLE_IDENTIFIER = UNI.hortifruti;
				PRODUCT_NAME = "$(TARGET_NAME)";
				SWIFT_VERSION = 5.0;
				TARGETED_DEVICE_FAMILY = "1,2";
			};
			name = Debug;
		};
		D01ECFA4265A9F35005FCC1A /* Release */ = {
			isa = XCBuildConfiguration;
			buildSettings = {
				ASSETCATALOG_COMPILER_APPICON_NAME = AppIcon;
				ASSETCATALOG_COMPILER_GLOBAL_ACCENT_COLOR_NAME = AccentColor;
				CODE_SIGN_STYLE = Automatic;
				DEVELOPMENT_TEAM = ASRK7R7UY8;
				INFOPLIST_FILE = hortifruti/Info.plist;
				LD_RUNPATH_SEARCH_PATHS = (
					"$(inherited)",
					"@executable_path/Frameworks",
				);
				PRODUCT_BUNDLE_IDENTIFIER = UNI.hortifruti;
				PRODUCT_NAME = "$(TARGET_NAME)";
				SWIFT_VERSION = 5.0;
				TARGETED_DEVICE_FAMILY = "1,2";
			};
			name = Release;
		};
/* End XCBuildConfiguration section */

/* Begin XCConfigurationList section */
		D01ECF89265A9F34005FCC1A /* Build configuration list for PBXProject "hortifruti" */ = {
			isa = XCConfigurationList;
			buildConfigurations = (
				D01ECFA0265A9F35005FCC1A /* Debug */,
				D01ECFA1265A9F35005FCC1A /* Release */,
			);
			defaultConfigurationIsVisible = 0;
			defaultConfigurationName = Release;
		};
		D01ECFA2265A9F35005FCC1A /* Build configuration list for PBXNativeTarget "hortifruti" */ = {
			isa = XCConfigurationList;
			buildConfigurations = (
				D01ECFA3265A9F35005FCC1A /* Debug */,
				D01ECFA4265A9F35005FCC1A /* Release */,
			);
			defaultConfigurationIsVisible = 0;
			defaultConfigurationName = Release;
		};
/* End XCConfigurationList section */
	};
	rootObject = D01ECF86265A9F34005FCC1A /* Project object */;
}
